{
  "nodes": {
    "flake-compat": {
      "flake": false,
      "locked": {
        "lastModified": 1767039857,
        "narHash": "sha256-vNpUSpF5Nuw8xvDLj2KCwwksIbjua2LZCqhV1LNRDns=",
        "owner": "NixOS",
        "repo": "flake-compat",
        "rev": "5edf11c44bc78a0d334f6334cdaf7d60d732daab",
        "type": "github"
      },
      "original": {
        "owner": "NixOS",
        "repo": "flake-compat",
        "type": "github"
      }
    },
    "git-hooks": {
      "inputs": {
        "flake-compat": "flake-compat",
        "gitignore": "gitignore",
        "nixpkgs": "nixpkgs"
      },
      "locked": {
        "lastModified": 1769069492,
        "narHash": "sha256-Efs3VUPelRduf3PpfPP2ovEB4CXT7vHf8W+xc49RL/U=",
        "owner": "cachix",
        "repo": "git-hooks.nix",
        "rev": "a1ef738813b15cf8ec759bdff5761b027e3e1d23",
        "type": "github"
      },
      "original": {
        "owner": "cachix",
        "repo": "git-hooks.nix",
        "type": "github"
      }
    },
    "gitignore": {
      "inputs": {
        "nixpkgs": [
          "git-hooks",
          "nixpkgs"
        ]
      },
      "locked": {
        "lastModified": 1709087332,
        "narHash": "sha256-HG2cCnktfHsKV0s4XW83gU3F57gaTljL9KNSuG6bnQs=",
        "owner": "hercules-ci",
        "repo": "gitignore.nix",
        "rev": "637db329424fd7e46cf4185293b9cc8c88c95394",
        "type": "github"
      },
      "original": {
        "owner": "hercules-ci",
        "repo": "gitignore.nix",
        "type": "github"
      }
    },
    "home-manager": {
      "locked": {
        "dir": "home-manager",
        "lastModified": 1769406695,
        "narHash": "sha256-djao88Yt82Oedn9vVKU6eJSK2xEy0AgWChiZcX/x+NY=",
        "owner": "yunfachi",
        "repo": "missingFlake",
        "rev": "850beb1c6244c41d1fc922adc81e46e870841e8a",
        "type": "github"
      },
      "original": {
        "dir": "home-manager",
        "owner": "yunfachi",
        "repo": "missingFlake",
        "type": "github"
      }
    },
    "nix-darwin": {
      "locked": {
        "dir": "nix-darwin",
        "lastModified": 1769406695,
        "narHash": "sha256-djao88Yt82Oedn9vVKU6eJSK2xEy0AgWChiZcX/x+NY=",
        "owner": "yunfachi",
        "repo": "missingFlake",
        "rev": "850beb1c6244c41d1fc922adc81e46e870841e8a",
        "type": "github"
      },
      "original": {
        "dir": "nix-darwin",
        "owner": "yunfachi",
        "repo": "missingFlake",
        "type": "github"
      }
    },
    "nixpkgs": {
      "locked": {
        "lastModified": 1764947035,
        "narHash": "sha256-EYHSjVM4Ox4lvCXUMiKKs2vETUSL5mx+J2FfutM7T9w=",
        "owner": "NixOS",
        "repo": "nixpkgs",
        "rev": "a672be65651c80d3f592a89b3945466584a22069",
        "type": "github"
      },
      "original": {
        "owner": "NixOS",
        "ref": "nixpkgs-unstable",
        "repo": "nixpkgs",
        "type": "github"
      }
    },
    "nixpkgs-lib": {
      "locked": {
        "lastModified": 1769304017,
        "narHash": "sha256-TE1EHvIAz81IGUKTmKQehbc9hjuxF7pe/QWdQuy/Ijc=",
        "owner": "nix-community",
        "repo": "nixpkgs.lib",
        "rev": "d4c8053ce1d9ba28bfb69a9f9f23ac24d313d4e8",
        "type": "github"
      },
      "original": {
        "owner": "nix-community",
        "repo": "nixpkgs.lib",
        "type": "github"
      }
    },
    "nixpkgs_2": {
      "locked": {
        "lastModified": 1769170682,
        "narHash": "sha256-oMmN1lVQU0F0W2k6OI3bgdzp2YOHWYUAw79qzDSjenU=",
        "owner": "nixos",
        "repo": "nixpkgs",
        "rev": "c5296fdd05cfa2c187990dd909864da9658df755",
        "type": "github"
      },
      "original": {
        "owner": "nixos",
        "ref": "nixos-unstable",
        "repo": "nixpkgs",
        "type": "github"
      }
    },
    "robotnix": {
      "locked": {
        "dir": "robotnix",
        "lastModified": 1769406695,
        "narHash": "sha256-djao88Yt82Oedn9vVKU6eJSK2xEy0AgWChiZcX/x+NY=",
        "owner": "yunfachi",
        "repo": "missingFlake",
        "rev": "850beb1c6244c41d1fc922adc81e46e870841e8a",
        "type": "github"
      },
      "original": {
        "dir": "robotnix",
        "owner": "yunfachi",
        "repo": "missingFlake",
        "type": "github"
      }
    },
    "root": {
      "inputs": {
        "git-hooks": "git-hooks",
        "home-manager": "home-manager",
        "nix-darwin": "nix-darwin",
        "nixpkgs": "nixpkgs_2",
        "nixpkgs-lib": "nixpkgs-lib",
        "robotnix": "robotnix",
        "systems": "systems"
      }
    },
    "systems": {
      "locked": {
        "lastModified": 1681028828,
        "narHash": "sha256-Vy1rq5AaRuLzOxct8nz4T6wlgyUR7zLU309k9mBC768=",
        "owner": "nix-systems",
        "repo": "default",
        "rev": "da67096a3b9bf56a91d16901293e51ba5b49a27e",
        "type": "github"
      },
      "original": {
        "owner": "nix-systems",
        "repo": "default",
        "type": "github"
      }
    }
  },
  "root": "root",
  "version": 7
}
